
Microsoft Visual Studio Solution File, Format Version 12.00
# Visual Studio Version 16
VisualStudioVersion = 16.0.29911.84
MinimumVisualStudioVersion = 10.0.40219.1
Project("{FAE04EC0-301F-11D3-BF4B-00C04F79EFBC}") = "SalesWebMvc", "SalesWebMvc\SalesWebMvc.csproj", "{33505BEF-0EEE-4ED6-A0D9-B12FAA3714CE}"
EndProject
Global
	GlobalSection(SolutionConfigurationPlatforms) = preSolution
		Debug|Any CPU = Debug|Any CPU
		Release|Any CPU = Release|Any CPU
	EndGlobalSection
	GlobalSection(ProjectConfigurationPlatforms) = postSolution
		{33505BEF-0EEE-4ED6-A0D9-B12FAA3714CE}.Debug|Any CPU.ActiveCfg = Debug|Any CPU
		{33505BEF-0EEE-4ED6-A0D9-B12FAA3714CE}.Debug|Any CPU.Build.0 = Debug|Any CPU
		{33505BEF-0EEE-4ED6-A0D9-B12FAA3714CE}.Release|Any CPU.ActiveCfg = Release|Any CPU
		{33505BEF-0EEE-4ED6-A0D9-B12FAA3714CE}.Release|Any CPU.Build.0 = Release|Any CPU
	EndGlobalSection
	GlobalSection(SolutionProperties) = preSolution
		HideSolutionNode = FALSE
	EndGlobalSection
	GlobalSection(ExtensibilityGlobals) = postSolution
		SolutionGuid = {ED24147D-155B-4D27-B0C6-A9CC9C9C302E}
	EndGlobalSection
EndGlobal
